
Microsoft Visual Studio Solution File, Format Version 12.00
# Visual Studio Version 16
VisualStudioVersion = 16.0.31321.278
MinimumVisualStudioVersion = 10.0.40219.1
Project("{9092AA53-FB77-4645-B42D-1CCCA6BD08BD}") = "TuringMod", "TuringMod.njsproj", "{11649717-7ACC-4645-96C7-7017F34E0031}"
EndProject
Global
	GlobalSection(SolutionConfigurationPlatforms) = preSolution
		Debug|Any CPU = Debug|Any CPU
		Release|Any CPU = Release|Any CPU
	EndGlobalSection
	GlobalSection(ProjectConfigurationPlatforms) = postSolution
		{11649717-7ACC-4645-96C7-7017F34E0031}.Debug|Any CPU.ActiveCfg = Debug|Any CPU
		{11649717-7ACC-4645-96C7-7017F34E0031}.Debug|Any CPU.Build.0 = Debug|Any CPU
		{11649717-7ACC-4645-96C7-7017F34E0031}.Release|Any CPU.ActiveCfg = Release|Any CPU
		{11649717-7ACC-4645-96C7-7017F34E0031}.Release|Any CPU.Build.0 = Release|Any CPU
	EndGlobalSection
	GlobalSection(SolutionProperties) = preSolution
		HideSolutionNode = FALSE
	EndGlobalSection
	GlobalSection(ExtensibilityGlobals) = postSolution
		SolutionGuid = {765EB19A-5805-4663-AA14-9CC20B9F3751}
	EndGlobalSection
EndGlobal
